
Microsoft Visual Studio Solution File, Format Version 12.00
Project("{FAE04EC0-301F-11D3-BF4B-00C04F79EFBC}") = "Manipulator", "Manipulator\Manipulator.csproj", "{18635F5A-02F1-4EC5-9228-2E3CBB638DB4}"
EndProject
Global
	GlobalSection(SolutionConfigurationPlatforms) = preSolution
		Debug|Any CPU = Debug|Any CPU
		Release|Any CPU = Release|Any CPU
	EndGlobalSection
	GlobalSection(ProjectConfigurationPlatforms) = postSolution
		{18635F5A-02F1-4EC5-9228-2E3CBB638DB4}.Debug|Any CPU.ActiveCfg = Debug|Any CPU
		{18635F5A-02F1-4EC5-9228-2E3CBB638DB4}.Debug|Any CPU.Build.0 = Debug|Any CPU
		{18635F5A-02F1-4EC5-9228-2E3CBB638DB4}.Release|Any CPU.ActiveCfg = Release|Any CPU
		{18635F5A-02F1-4EC5-9228-2E3CBB638DB4}.Release|Any CPU.Build.0 = Release|Any CPU
	EndGlobalSection
EndGlobal
